// !$*UTF8*$!
{
	archiveVersion = 1;
	classes = {
	};
	objectVersion = 46;
	objects = {

/* Begin PBXBuildFile section */
		339C22934EC64E8C950052CB /* libPods.a in Frameworks */ = {isa = PBXBuildFile; fileRef = 7DA03EAA9F4F4FFC92138B01 /* libPods.a */; };
		5213E91E19663F04005E1412 /* TakeImageViewModel.swift in Sources */ = {isa = PBXBuildFile; fileRef = 5213E91D19663F04005E1412 /* TakeImageViewModel.swift */; };
		5213E92019664C59005E1412 /* TakeImageViewController.swift in Sources */ = {isa = PBXBuildFile; fileRef = 5213E91F19664C59005E1412 /* TakeImageViewController.swift */; };
		5213E9251966570A005E1412 /* CloudManager.swift in Sources */ = {isa = PBXBuildFile; fileRef = 5213E9241966570A005E1412 /* CloudManager.swift */; };
		5213E927196664A6005E1412 /* UserCloudManager.swift in Sources */ = {isa = PBXBuildFile; fileRef = 5213E926196664A6005E1412 /* UserCloudManager.swift */; };
		5213E92919666971005E1412 /* SyncManager.swift in Sources */ = {isa = PBXBuildFile; fileRef = 5213E92819666971005E1412 /* SyncManager.swift */; };
		5213E95B196A112E005E1412 /* User.swift in Sources */ = {isa = PBXBuildFile; fileRef = 5213E95A196A112E005E1412 /* User.swift */; };
		5213E964196A19E8005E1412 /* Author.swift in Sources */ = {isa = PBXBuildFile; fileRef = 5213E963196A19E8005E1412 /* Author.swift */; };
		5213E966196A1AD4005E1412 /* Image.swift in Sources */ = {isa = PBXBuildFile; fileRef = 5213E965196A1AD4005E1412 /* Image.swift */; };
		5213E968196A1BDC005E1412 /* UserDataManager.swift in Sources */ = {isa = PBXBuildFile; fileRef = 5213E967196A1BDC005E1412 /* UserDataManager.swift */; };
		5213E96C196A2FD7005E1412 /* ImageDataManager.swift in Sources */ = {isa = PBXBuildFile; fileRef = 5213E96B196A2FD7005E1412 /* ImageDataManager.swift */; };
		5213E96E196A3425005E1412 /* ImagePlainObject.swift in Sources */ = {isa = PBXBuildFile; fileRef = 5213E96D196A3425005E1412 /* ImagePlainObject.swift */; };
		5213E972196A4447005E1412 /* ImageCloudManager.swift in Sources */ = {isa = PBXBuildFile; fileRef = 5213E971196A4447005E1412 /* ImageCloudManager.swift */; };
		5213E975196A67C6005E1412 /* ImageListTableViewCell.swift in Sources */ = {isa = PBXBuildFile; fileRef = 5213E974196A67C6005E1412 /* ImageListTableViewCell.swift */; };
		527E5EE21964FDAC00E15240 /* AppDelegate.swift in Sources */ = {isa = PBXBuildFile; fileRef = 527E5EE11964FDAC00E15240 /* AppDelegate.swift */; };
		527E5EE51964FDAC00E15240 /* CloudKitShareImagesPrototype.xcdatamodeld in Sources */ = {isa = PBXBuildFile; fileRef = 527E5EE31964FDAC00E15240 /* CloudKitShareImagesPrototype.xcdatamodeld */; };
		527E5EE71964FDAC00E15240 /* MasterViewController.swift in Sources */ = {isa = PBXBuildFile; fileRef = 527E5EE61964FDAC00E15240 /* MasterViewController.swift */; };
		527E5EE91964FDAC00E15240 /* DetailViewController.swift in Sources */ = {isa = PBXBuildFile; fileRef = 527E5EE81964FDAC00E15240 /* DetailViewController.swift */; };
		527E5EEC1964FDAC00E15240 /* Main.storyboard in Resources */ = {isa = PBXBuildFile; fileRef = 527E5EEA1964FDAC00E15240 /* Main.storyboard */; };
		527E5EEE1964FDAC00E15240 /* Images.xcassets in Resources */ = {isa = PBXBuildFile; fileRef = 527E5EED1964FDAC00E15240 /* Images.xcassets */; };
		527E5EFA1964FDAC00E15240 /* CloudKitShareImagesPrototypeTests.swift in Sources */ = {isa = PBXBuildFile; fileRef = 527E5EF91964FDAC00E15240 /* CloudKitShareImagesPrototypeTests.swift */; };
		527E5F051964FF3300E15240 /* CloudKit.framework in Frameworks */ = {isa = PBXBuildFile; fileRef = 527E5F041964FF3300E15240 /* CloudKit.framework */; settings = {ATTRIBUTES = (Required, ); }; };
		527E5F071965099300E15240 /* ImageListViewModel.swift in Sources */ = {isa = PBXBuildFile; fileRef = 527E5F061965099300E15240 /* ImageListViewModel.swift */; };
/* End PBXBuildFile section */

/* Begin PBXContainerItemProxy section */
		527E5EF41964FDAC00E15240 /* PBXContainerItemProxy */ = {
			isa = PBXContainerItemProxy;
			containerPortal = 527E5ED41964FDAC00E15240 /* Project object */;
			proxyType = 1;
			remoteGlobalIDString = 527E5EDB1964FDAC00E15240;
			remoteInfo = CloudKitShareImagesPrototype;
		};
/* End PBXContainerItemProxy section */

/* Begin PBXFileReference section */
		52085BEE1966277A009D0062 /* Bridging-Header.h */ = {isa = PBXFileReference; lastKnownFileType = sourcecode.c.h; path = "Bridging-Header.h"; sourceTree = "<group>"; };
		5213E91D19663F04005E1412 /* TakeImageViewModel.swift */ = {isa = PBXFileReference; fileEncoding = 4; lastKnownFileType = sourcecode.swift; path = TakeImageViewModel.swift; sourceTree = "<group>"; };
		5213E91F19664C59005E1412 /* TakeImageViewController.swift */ = {isa = PBXFileReference; fileEncoding = 4; lastKnownFileType = sourcecode.swift; path = TakeImageViewController.swift; sourceTree = "<group>"; };
		5213E9241966570A005E1412 /* CloudManager.swift */ = {isa = PBXFileReference; fileEncoding = 4; lastKnownFileType = sourcecode.swift; path = CloudManager.swift; sourceTree = "<group>"; };
		5213E926196664A6005E1412 /* UserCloudManager.swift */ = {isa = PBXFileReference; fileEncoding = 4; lastKnownFileType = sourcecode.swift; path = UserCloudManager.swift; sourceTree = "<group>"; };
		5213E92819666971005E1412 /* SyncManager.swift */ = {isa = PBXFileReference; fileEncoding = 4; lastKnownFileType = sourcecode.swift; path = SyncManager.swift; sourceTree = "<group>"; };
		5213E95A196A112E005E1412 /* User.swift */ = {isa = PBXFileReference; fileEncoding = 4; lastKnownFileType = sourcecode.swift; path = User.swift; sourceTree = "<group>"; };
		5213E963196A19E8005E1412 /* Author.swift */ = {isa = PBXFileReference; fileEncoding = 4; lastKnownFileType = sourcecode.swift; path = Author.swift; sourceTree = "<group>"; };
		5213E965196A1AD4005E1412 /* Image.swift */ = {isa = PBXFileReference; fileEncoding = 4; lastKnownFileType = sourcecode.swift; path = Image.swift; sourceTree = "<group>"; };
		5213E967196A1BDC005E1412 /* UserDataManager.swift */ = {isa = PBXFileReference; fileEncoding = 4; lastKnownFileType = sourcecode.swift; path = UserDataManager.swift; sourceTree = "<group>"; };
		5213E96B196A2FD7005E1412 /* ImageDataManager.swift */ = {isa = PBXFileReference; fileEncoding = 4; lastKnownFileType = sourcecode.swift; path = ImageDataManager.swift; sourceTree = "<group>"; };
		5213E96D196A3425005E1412 /* ImagePlainObject.swift */ = {isa = PBXFileReference; fileEncoding = 4; lastKnownFileType = sourcecode.swift; path = ImagePlainObject.swift; sourceTree = "<group>"; };
		5213E971196A4447005E1412 /* ImageCloudManager.swift */ = {isa = PBXFileReference; fileEncoding = 4; lastKnownFileType = sourcecode.swift; path = ImageCloudManager.swift; sourceTree = "<group>"; };
		5213E974196A67C6005E1412 /* ImageListTableViewCell.swift */ = {isa = PBXFileReference; fileEncoding = 4; lastKnownFileType = sourcecode.swift; path = ImageListTableViewCell.swift; sourceTree = "<group>"; };
		527E5EDC1964FDAC00E15240 /* CloudKitShareImagesPrototype.app */ = {isa = PBXFileReference; explicitFileType = wrapper.application; includeInIndex = 0; path = CloudKitShareImagesPrototype.app; sourceTree = BUILT_PRODUCTS_DIR; };
		527E5EE01964FDAC00E15240 /* Info.plist */ = {isa = PBXFileReference; lastKnownFileType = text.plist.xml; path = Info.plist; sourceTree = "<group>"; };
		527E5EE11964FDAC00E15240 /* AppDelegate.swift */ = {isa = PBXFileReference; lastKnownFileType = sourcecode.swift; path = AppDelegate.swift; sourceTree = "<group>"; };
		527E5EE41964FDAC00E15240 /* CloudKitShareImagesPrototype.xcdatamodel */ = {isa = PBXFileReference; lastKnownFileType = wrapper.xcdatamodel; path = CloudKitShareImagesPrototype.xcdatamodel; sourceTree = "<group>"; };
		527E5EE61964FDAC00E15240 /* MasterViewController.swift */ = {isa = PBXFileReference; lastKnownFileType = sourcecode.swift; path = MasterViewController.swift; sourceTree = "<group>"; };
		527E5EE81964FDAC00E15240 /* DetailViewController.swift */ = {isa = PBXFileReference; lastKnownFileType = sourcecode.swift; path = DetailViewController.swift; sourceTree = "<group>"; };
		527E5EEB1964FDAC00E15240 /* Base */ = {isa = PBXFileReference; lastKnownFileType = file.storyboard; name = Base; path = Base.lproj/Main.storyboard; sourceTree = "<group>"; };
		527E5EED1964FDAC00E15240 /* Images.xcassets */ = {isa = PBXFileReference; lastKnownFileType = folder.assetcatalog; path = Images.xcassets; sourceTree = "<group>"; };
		527E5EF31964FDAC00E15240 /* CloudKitShareImagesPrototypeTests.xctest */ = {isa = PBXFileReference; explicitFileType = wrapper.cfbundle; includeInIndex = 0; path = CloudKitShareImagesPrototypeTests.xctest; sourceTree = BUILT_PRODUCTS_DIR; };
		527E5EF81964FDAC00E15240 /* Info.plist */ = {isa = PBXFileReference; lastKnownFileType = text.plist.xml; path = Info.plist; sourceTree = "<group>"; };
		527E5EF91964FDAC00E15240 /* CloudKitShareImagesPrototypeTests.swift */ = {isa = PBXFileReference; lastKnownFileType = sourcecode.swift; path = CloudKitShareImagesPrototypeTests.swift; sourceTree = "<group>"; };
		527E5F031964FF3000E15240 /* CloudKitShareImagesPrototype.entitlements */ = {isa = PBXFileReference; lastKnownFileType = text.xml; path = CloudKitShareImagesPrototype.entitlements; sourceTree = "<group>"; };
		527E5F041964FF3300E15240 /* CloudKit.framework */ = {isa = PBXFileReference; lastKnownFileType = wrapper.framework; name = CloudKit.framework; path = System/Library/Frameworks/CloudKit.framework; sourceTree = SDKROOT; };
		527E5F061965099300E15240 /* ImageListViewModel.swift */ = {isa = PBXFileReference; fileEncoding = 4; lastKnownFileType = sourcecode.swift; path = ImageListViewModel.swift; sourceTree = "<group>"; };
		55647F7D953C4C9FA9C0053B /* Pods.xcconfig */ = {isa = PBXFileReference; includeInIndex = 1; lastKnownFileType = text.xcconfig; name = Pods.xcconfig; path = Pods/Pods.xcconfig; sourceTree = "<group>"; };
		7DA03EAA9F4F4FFC92138B01 /* libPods.a */ = {isa = PBXFileReference; explicitFileType = archive.ar; includeInIndex = 0; path = libPods.a; sourceTree = BUILT_PRODUCTS_DIR; };
/* End PBXFileReference section */

/* Begin PBXFrameworksBuildPhase section */
		527E5ED91964FDAC00E15240 /* Frameworks */ = {
			isa = PBXFrameworksBuildPhase;
			buildActionMask = 2147483647;
			files = (
				527E5F051964FF3300E15240 /* CloudKit.framework in Frameworks */,
				339C22934EC64E8C950052CB /* libPods.a in Frameworks */,
			);
			runOnlyForDeploymentPostprocessing = 0;
		};
		527E5EF01964FDAC00E15240 /* Frameworks */ = {
			isa = PBXFrameworksBuildPhase;
			buildActionMask = 2147483647;
			files = (
			);
			runOnlyForDeploymentPostprocessing = 0;
		};
/* End PBXFrameworksBuildPhase section */

/* Begin PBXGroup section */
		5213E92119665621005E1412 /* List */ = {
			isa = PBXGroup;
			children = (
				527E5EE61964FDAC00E15240 /* MasterViewController.swift */,
				527E5F061965099300E15240 /* ImageListViewModel.swift */,
				5213E974196A67C6005E1412 /* ImageListTableViewCell.swift */,
			);
			name = List;
			sourceTree = "<group>";
		};
		5213E9221966562E005E1412 /* Take Image */ = {
			isa = PBXGroup;
			children = (
				5213E91F19664C59005E1412 /* TakeImageViewController.swift */,
				5213E91D19663F04005E1412 /* TakeImageViewModel.swift */,
			);
			name = "Take Image";
			sourceTree = "<group>";
		};
		5213E92319665645005E1412 /* Common */ = {
			isa = PBXGroup;
			children = (
				5213E973196A4A0B005E1412 /* CloudKit */,
				5213E95C196A197F005E1412 /* CoreData */,
				5213E92819666971005E1412 /* SyncManager.swift */,
				5213E96D196A3425005E1412 /* ImagePlainObject.swift */,
				5213E95A196A112E005E1412 /* User.swift */,
			);
			name = Common;
			sourceTree = "<group>";
		};
		5213E95C196A197F005E1412 /* CoreData */ = {
			isa = PBXGroup;
			children = (
				527E5EE31964FDAC00E15240 /* CloudKitShareImagesPrototype.xcdatamodeld */,
				5213E963196A19E8005E1412 /* Author.swift */,
				5213E965196A1AD4005E1412 /* Image.swift */,
				5213E967196A1BDC005E1412 /* UserDataManager.swift */,
				5213E96B196A2FD7005E1412 /* ImageDataManager.swift */,
			);
			name = CoreData;
			sourceTree = "<group>";
		};
		5213E973196A4A0B005E1412 /* CloudKit */ = {
			isa = PBXGroup;
			children = (
				5213E9241966570A005E1412 /* CloudManager.swift */,
				5213E926196664A6005E1412 /* UserCloudManager.swift */,
				5213E971196A4447005E1412 /* ImageCloudManager.swift */,
			);
			name = CloudKit;
			sourceTree = "<group>";
		};
		527E5ED31964FDAC00E15240 = {
			isa = PBXGroup;
			children = (
				527E5F041964FF3300E15240 /* CloudKit.framework */,
				527E5EDE1964FDAC00E15240 /* CloudKitShareImagesPrototype */,
				527E5EF61964FDAC00E15240 /* CloudKitShareImagesPrototypeTests */,
				527E5EDD1964FDAC00E15240 /* Products */,
				55647F7D953C4C9FA9C0053B /* Pods.xcconfig */,
				8C2E8E0FABF34BF1AA86CCCA /* Frameworks */,
			);
			sourceTree = "<group>";
		};
		527E5EDD1964FDAC00E15240 /* Products */ = {
			isa = PBXGroup;
			children = (
				527E5EDC1964FDAC00E15240 /* CloudKitShareImagesPrototype.app */,
				527E5EF31964FDAC00E15240 /* CloudKitShareImagesPrototypeTests.xctest */,
			);
			name = Products;
			sourceTree = "<group>";
		};
		527E5EDE1964FDAC00E15240 /* CloudKitShareImagesPrototype */ = {
			isa = PBXGroup;
			children = (
				5213E92319665645005E1412 /* Common */,
				527E5F031964FF3000E15240 /* CloudKitShareImagesPrototype.entitlements */,
				5213E92119665621005E1412 /* List */,
				5213E9221966562E005E1412 /* Take Image */,
				527E5EE11964FDAC00E15240 /* AppDelegate.swift */,
				527E5EE81964FDAC00E15240 /* DetailViewController.swift */,
				527E5EEA1964FDAC00E15240 /* Main.storyboard */,
				527E5EED1964FDAC00E15240 /* Images.xcassets */,
				527E5EDF1964FDAC00E15240 /* Supporting Files */,
				52085BEE1966277A009D0062 /* Bridging-Header.h */,
			);
			path = CloudKitShareImagesPrototype;
			sourceTree = "<group>";
		};
		527E5EDF1964FDAC00E15240 /* Supporting Files */ = {
			isa = PBXGroup;
			children = (
				527E5EE01964FDAC00E15240 /* Info.plist */,
			);
			name = "Supporting Files";
			sourceTree = "<group>";
		};
		527E5EF61964FDAC00E15240 /* CloudKitShareImagesPrototypeTests */ = {
			isa = PBXGroup;
			children = (
				527E5EF91964FDAC00E15240 /* CloudKitShareImagesPrototypeTests.swift */,
				527E5EF71964FDAC00E15240 /* Supporting Files */,
			);
			path = CloudKitShareImagesPrototypeTests;
			sourceTree = "<group>";
		};
		527E5EF71964FDAC00E15240 /* Supporting Files */ = {
			isa = PBXGroup;
			children = (
				527E5EF81964FDAC00E15240 /* Info.plist */,
			);
			name = "Supporting Files";
			sourceTree = "<group>";
		};
		8C2E8E0FABF34BF1AA86CCCA /* Frameworks */ = {
			isa = PBXGroup;
			children = (
				7DA03EAA9F4F4FFC92138B01 /* libPods.a */,
			);
			name = Frameworks;
			sourceTree = "<group>";
		};
/* End PBXGroup section */

/* Begin PBXNativeTarget section */
		527E5EDB1964FDAC00E15240 /* CloudKitShareImagesPrototype */ = {
			isa = PBXNativeTarget;
			buildConfigurationList = 527E5EFD1964FDAC00E15240 /* Build configuration list for PBXNativeTarget "CloudKitShareImagesPrototype" */;
			buildPhases = (
				4591F9EF625D40E79A34718F /* Check Pods Manifest.lock */,
				527E5ED81964FDAC00E15240 /* Sources */,
				527E5ED91964FDAC00E15240 /* Frameworks */,
				527E5EDA1964FDAC00E15240 /* Resources */,
				AAF5633852B44739AAC2BD8F /* Copy Pods Resources */,
			);
			buildRules = (
			);
			dependencies = (
			);
			name = CloudKitShareImagesPrototype;
			productName = CloudKitShareImagesPrototype;
			productReference = 527E5EDC1964FDAC00E15240 /* CloudKitShareImagesPrototype.app */;
			productType = "com.apple.product-type.application";
		};
		527E5EF21964FDAC00E15240 /* CloudKitShareImagesPrototypeTests */ = {
			isa = PBXNativeTarget;
			buildConfigurationList = 527E5F001964FDAC00E15240 /* Build configuration list for PBXNativeTarget "CloudKitShareImagesPrototypeTests" */;
			buildPhases = (
				527E5EEF1964FDAC00E15240 /* Sources */,
				527E5EF01964FDAC00E15240 /* Frameworks */,
				527E5EF11964FDAC00E15240 /* Resources */,
			);
			buildRules = (
			);
			dependencies = (
				527E5EF51964FDAC00E15240 /* PBXTargetDependency */,
			);
			name = CloudKitShareImagesPrototypeTests;
			productName = CloudKitShareImagesPrototypeTests;
			productReference = 527E5EF31964FDAC00E15240 /* CloudKitShareImagesPrototypeTests.xctest */;
			productType = "com.apple.product-type.bundle.unit-test";
		};
/* End PBXNativeTarget section */

/* Begin PBXProject section */
		527E5ED41964FDAC00E15240 /* Project object */ = {
			isa = PBXProject;
			attributes = {
				LastUpgradeCheck = 0600;
				ORGANIZATIONNAME = "SUSH Mobile";
				TargetAttributes = {
					527E5EDB1964FDAC00E15240 = {
						CreatedOnToolsVersion = 6.0;
						DevelopmentTeam = G4CBL4DT2N;
						SystemCapabilities = {
							com.apple.iCloud = {
								enabled = 1;
							};
						};
					};
					527E5EF21964FDAC00E15240 = {
						CreatedOnToolsVersion = 6.0;
						TestTargetID = 527E5EDB1964FDAC00E15240;
					};
				};
			};
			buildConfigurationList = 527E5ED71964FDAC00E15240 /* Build configuration list for PBXProject "CloudKitShareImagesPrototype" */;
			compatibilityVersion = "Xcode 3.2";
			developmentRegion = English;
			hasScannedForEncodings = 0;
			knownRegions = (
				en,
				Base,
			);
			mainGroup = 527E5ED31964FDAC00E15240;
			productRefGroup = 527E5EDD1964FDAC00E15240 /* Products */;
			projectDirPath = "";
			projectRoot = "";
			targets = (
				527E5EDB1964FDAC00E15240 /* CloudKitShareImagesPrototype */,
				527E5EF21964FDAC00E15240 /* CloudKitShareImagesPrototypeTests */,
			);
		};
/* End PBXProject section */

/* Begin PBXResourcesBuildPhase section */
		527E5EDA1964FDAC00E15240 /* Resources */ = {
			isa = PBXResourcesBuildPhase;
			buildActionMask = 2147483647;
			files = (
				527E5EEC1964FDAC00E15240 /* Main.storyboard in Resources */,
				527E5EEE1964FDAC00E15240 /* Images.xcassets in Resources */,
			);
			runOnlyForDeploymentPostprocessing = 0;
		};
		527E5EF11964FDAC00E15240 /* Resources */ = {
			isa = PBXResourcesBuildPhase;
			buildActionMask = 2147483647;
			files = (
			);
			runOnlyForDeploymentPostprocessing = 0;
		};
/* End PBXResourcesBuildPhase section */

/* Begin PBXShellScriptBuildPhase section */
		4591F9EF625D40E79A34718F /* Check Pods Manifest.lock */ = {
			isa = PBXShellScriptBuildPhase;
			buildActionMask = 2147483647;
			files = (
			);
			inputPaths = (
			);
			name = "Check Pods Manifest.lock";
			outputPaths = (
			);
			runOnlyForDeploymentPostprocessing = 0;
			shellPath = /bin/sh;
			shellScript = "diff \"${PODS_ROOT}/../Podfile.lock\" \"${PODS_ROOT}/Manifest.lock\" > /dev/null\nif [[ $? != 0 ]] ; then\n    cat << EOM\nerror: The sandbox is not in sync with the Podfile.lock. Run 'pod install' or update your CocoaPods installation.\nEOM\n    exit 1\nfi\n";
			showEnvVarsInLog = 0;
		};
		AAF5633852B44739AAC2BD8F /* Copy Pods Resources */ = {
			isa = PBXShellScriptBuildPhase;
			buildActionMask = 2147483647;
			files = (
			);
			inputPaths = (
			);
			name = "Copy Pods Resources";
			outputPaths = (
			);
			runOnlyForDeploymentPostprocessing = 0;
			shellPath = /bin/sh;
			shellScript = "\"${SRCROOT}/Pods/Pods-resources.sh\"\n";
			showEnvVarsInLog = 0;
		};
/* End PBXShellScriptBuildPhase section */

/* Begin PBXSourcesBuildPhase section */
		527E5ED81964FDAC00E15240 /* Sources */ = {
			isa = PBXSourcesBuildPhase;
			buildActionMask = 2147483647;
			files = (
				5213E968196A1BDC005E1412 /* UserDataManager.swift in Sources */,
				5213E96C196A2FD7005E1412 /* ImageDataManager.swift in Sources */,
				527E5EE21964FDAC00E15240 /* AppDelegate.swift in Sources */,
				527E5EE51964FDAC00E15240 /* CloudKitShareImagesPrototype.xcdatamodeld in Sources */,
				5213E927196664A6005E1412 /* UserCloudManager.swift in Sources */,
				5213E975196A67C6005E1412 /* ImageListTableViewCell.swift in Sources */,
				527E5F071965099300E15240 /* ImageListViewModel.swift in Sources */,
				527E5EE71964FDAC00E15240 /* MasterViewController.swift in Sources */,
				527E5EE91964FDAC00E15240 /* DetailViewController.swift in Sources */,
				5213E966196A1AD4005E1412 /* Image.swift in Sources */,
				5213E972196A4447005E1412 /* ImageCloudManager.swift in Sources */,
				5213E964196A19E8005E1412 /* Author.swift in Sources */,
				5213E92019664C59005E1412 /* TakeImageViewController.swift in Sources */,
				5213E91E19663F04005E1412 /* TakeImageViewModel.swift in Sources */,
				5213E92919666971005E1412 /* SyncManager.swift in Sources */,
				5213E9251966570A005E1412 /* CloudManager.swift in Sources */,
				5213E95B196A112E005E1412 /* User.swift in Sources */,
				5213E96E196A3425005E1412 /* ImagePlainObject.swift in Sources */,
			);
			runOnlyForDeploymentPostprocessing = 0;
		};
		527E5EEF1964FDAC00E15240 /* Sources */ = {
			isa = PBXSourcesBuildPhase;
			buildActionMask = 2147483647;
			files = (
				527E5EFA1964FDAC00E15240 /* CloudKitShareImagesPrototypeTests.swift in Sources */,
			);
			runOnlyForDeploymentPostprocessing = 0;
		};
/* End PBXSourcesBuildPhase section */

/* Begin PBXTargetDependency section */
		527E5EF51964FDAC00E15240 /* PBXTargetDependency */ = {
			isa = PBXTargetDependency;
			target = 527E5EDB1964FDAC00E15240 /* CloudKitShareImagesPrototype */;
			targetProxy = 527E5EF41964FDAC00E15240 /* PBXContainerItemProxy */;
		};
/* End PBXTargetDependency section */

/* Begin PBXVariantGroup section */
		527E5EEA1964FDAC00E15240 /* Main.storyboard */ = {
			isa = PBXVariantGroup;
			children = (
				527E5EEB1964FDAC00E15240 /* Base */,
			);
			name = Main.storyboard;
			sourceTree = "<group>";
		};
/* End PBXVariantGroup section */

/* Begin XCBuildConfiguration section */
		527E5EFB1964FDAC00E15240 /* Debug */ = {
			isa = XCBuildConfiguration;
			buildSettings = {
				ALWAYS_SEARCH_USER_PATHS = NO;
				CLANG_CXX_LANGUAGE_STANDARD = "gnu++0x";
				CLANG_CXX_LIBRARY = "libc++";
				CLANG_ENABLE_MODULES = YES;
				CLANG_ENABLE_OBJC_ARC = YES;
				CLANG_WARN_BOOL_CONVERSION = YES;
				CLANG_WARN_CONSTANT_CONVERSION = YES;
				CLANG_WARN_DIRECT_OBJC_ISA_USAGE = YES_ERROR;
				CLANG_WARN_EMPTY_BODY = YES;
				CLANG_WARN_ENUM_CONVERSION = YES;
				CLANG_WARN_INT_CONVERSION = YES;
				CLANG_WARN_OBJC_ROOT_CLASS = YES_ERROR;
				CLANG_WARN_UNREACHABLE_CODE = YES;
				CLANG_WARN__DUPLICATE_METHOD_MATCH = YES;
				"CODE_SIGN_IDENTITY[sdk=iphoneos*]" = "iPhone Developer";
				COPY_PHASE_STRIP = NO;
				ENABLE_STRICT_OBJC_MSGSEND = YES;
				GCC_C_LANGUAGE_STANDARD = gnu99;
				GCC_DYNAMIC_NO_PIC = NO;
				GCC_OPTIMIZATION_LEVEL = 0;
				GCC_PREPROCESSOR_DEFINITIONS = (
					"DEBUG=1",
					"$(inherited)",
				);
				GCC_SYMBOLS_PRIVATE_EXTERN = NO;
				GCC_WARN_64_TO_32_BIT_CONVERSION = YES;
				GCC_WARN_ABOUT_RETURN_TYPE = YES_ERROR;
				GCC_WARN_UNDECLARED_SELECTOR = YES;
				GCC_WARN_UNINITIALIZED_AUTOS = YES_AGGRESSIVE;
				GCC_WARN_UNUSED_FUNCTION = YES;
				GCC_WARN_UNUSED_VARIABLE = YES;
				IPHONEOS_DEPLOYMENT_TARGET = 8.0;
				METAL_ENABLE_DEBUG_INFO = YES;
				ONLY_ACTIVE_ARCH = YES;
				SDKROOT = iphoneos;
				SWIFT_OPTIMIZATION_LEVEL = "-Onone";
				TARGETED_DEVICE_FAMILY = "1,2";
			};
			name = Debug;
		};
		527E5EFC1964FDAC00E15240 /* Release */ = {
			isa = XCBuildConfiguration;
			buildSettings = {
				ALWAYS_SEARCH_USER_PATHS = NO;
				CLANG_CXX_LANGUAGE_STANDARD = "gnu++0x";
				CLANG_CXX_LIBRARY = "libc++";
				CLANG_ENABLE_MODULES = YES;
				CLANG_ENABLE_OBJC_ARC = YES;
				CLANG_WARN_BOOL_CONVERSION = YES;
				CLANG_WARN_CONSTANT_CONVERSION = YES;
				CLANG_WARN_DIRECT_OBJC_ISA_USAGE = YES_ERROR;
				CLANG_WARN_EMPTY_BODY = YES;
				CLANG_WARN_ENUM_CONVERSION = YES;
				CLANG_WARN_INT_CONVERSION = YES;
				CLANG_WARN_OBJC_ROOT_CLASS = YES_ERROR;
				CLANG_WARN_UNREACHABLE_CODE = YES;
				CLANG_WARN__DUPLICATE_METHOD_MATCH = YES;
				"CODE_SIGN_IDENTITY[sdk=iphoneos*]" = "iPhone Developer";
				COPY_PHASE_STRIP = YES;
				ENABLE_NS_ASSERTIONS = NO;
				ENABLE_STRICT_OBJC_MSGSEND = YES;
				GCC_C_LANGUAGE_STANDARD = gnu99;
				GCC_WARN_64_TO_32_BIT_CONVERSION = YES;
				GCC_WARN_ABOUT_RETURN_TYPE = YES_ERROR;
				GCC_WARN_UNDECLARED_SELECTOR = YES;
				GCC_WARN_UNINITIALIZED_AUTOS = YES_AGGRESSIVE;
				GCC_WARN_UNUSED_FUNCTION = YES;
				GCC_WARN_UNUSED_VARIABLE = YES;
				IPHONEOS_DEPLOYMENT_TARGET = 8.0;
				METAL_ENABLE_DEBUG_INFO = NO;
				SDKROOT = iphoneos;
				TARGETED_DEVICE_FAMILY = "1,2";
				VALIDATE_PRODUCT = YES;
			};
			name = Release;
		};
		527E5EFE1964FDAC00E15240 /* Debug */ = {
			isa = XCBuildConfiguration;
			baseConfigurationReference = 55647F7D953C4C9FA9C0053B /* Pods.xcconfig */;
			buildSettings = {
				ASSETCATALOG_COMPILER_APPICON_NAME = AppIcon;
				ASSETCATALOG_COMPILER_LAUNCHIMAGE_NAME = LaunchImage;
				CODE_SIGN_ENTITLEMENTS = CloudKitShareImagesPrototype/CloudKitShareImagesPrototype.entitlements;
				CODE_SIGN_IDENTITY = "iPhone Developer";
				"CODE_SIGN_IDENTITY[sdk=iphoneos*]" = "iPhone Developer";
				INFOPLIST_FILE = CloudKitShareImagesPrototype/Info.plist;
				IPHONEOS_DEPLOYMENT_TARGET = 8.0;
				LD_RUNPATH_SEARCH_PATHS = "$(inherited) @executable_path/Frameworks";
				PRODUCT_NAME = "$(TARGET_NAME)";
				PROVISIONING_PROFILE = "";
				SWIFT_OBJC_BRIDGING_HEADER = "CloudKitShareImagesPrototype/Bridging-Header.h";
			};
			name = Debug;
		};
		527E5EFF1964FDAC00E15240 /* Release */ = {
			isa = XCBuildConfiguration;
			baseConfigurationReference = 55647F7D953C4C9FA9C0053B /* Pods.xcconfig */;
			buildSettings = {
				ASSETCATALOG_COMPILER_APPICON_NAME = AppIcon;
				ASSETCATALOG_COMPILER_LAUNCHIMAGE_NAME = LaunchImage;
				CODE_SIGN_ENTITLEMENTS = CloudKitShareImagesPrototype/CloudKitShareImagesPrototype.entitlements;
				CODE_SIGN_IDENTITY = "iPhone Developer";
				"CODE_SIGN_IDENTITY[sdk=iphoneos*]" = "iPhone Developer";
				INFOPLIST_FILE = CloudKitShareImagesPrototype/Info.plist;
				IPHONEOS_DEPLOYMENT_TARGET = 8.0;
				LD_RUNPATH_SEARCH_PATHS = "$(inherited) @executable_path/Frameworks";
				PRODUCT_NAME = "$(TARGET_NAME)";
				PROVISIONING_PROFILE = "";
				SWIFT_OBJC_BRIDGING_HEADER = "CloudKitShareImagesPrototype/Bridging-Header.h";
			};
			name = Release;
		};
		527E5F011964FDAC00E15240 /* Debug */ = {
			isa = XCBuildConfiguration;
			buildSettings = {
				BUNDLE_LOADER = "$(BUILT_PRODUCTS_DIR)/CloudKitShareImagesPrototype.app/CloudKitShareImagesPrototype";
				FRAMEWORK_SEARCH_PATHS = (
					"$(SDKROOT)/Developer/Library/Frameworks",
					"$(inherited)",
				);
				GCC_PREPROCESSOR_DEFINITIONS = (
					"DEBUG=1",
					"$(inherited)",
				);
				INFOPLIST_FILE = CloudKitShareImagesPrototypeTests/Info.plist;
				LD_RUNPATH_SEARCH_PATHS = "$(inherited) @executable_path/Frameworks @loader_path/Frameworks";
				METAL_ENABLE_DEBUG_INFO = YES;
				PRODUCT_NAME = "$(TARGET_NAME)";
				TEST_HOST = "$(BUNDLE_LOADER)";
			};
			name = Debug;
		};
		527E5F021964FDAC00E15240 /* Release */ = {
			isa = XCBuildConfiguration;
			buildSettings = {
				BUNDLE_LOADER = "$(BUILT_PRODUCTS_DIR)/CloudKitShareImagesPrototype.app/CloudKitShareImagesPrototype";
				FRAMEWORK_SEARCH_PATHS = (
					"$(SDKROOT)/Developer/Library/Frameworks",
					"$(inherited)",
				);
				INFOPLIST_FILE = CloudKitShareImagesPrototypeTests/Info.plist;
				LD_RUNPATH_SEARCH_PATHS = "$(inherited) @executable_path/Frameworks @loader_path/Frameworks";
				METAL_ENABLE_DEBUG_INFO = NO;
				PRODUCT_NAME = "$(TARGET_NAME)";
				TEST_HOST = "$(BUNDLE_LOADER)";
			};
			name = Release;
		};
/* End XCBuildConfiguration section */

/* Begin XCConfigurationList section */
		527E5ED71964FDAC00E15240 /* Build configuration list for PBXProject "CloudKitShareImagesPrototype" */ = {
			isa = XCConfigurationList;
			buildConfigurations = (
				527E5EFB1964FDAC00E15240 /* Debug */,
				527E5EFC1964FDAC00E15240 /* Release */,
			);
			defaultConfigurationIsVisible = 0;
			defaultConfigurationName = Release;
		};
		527E5EFD1964FDAC00E15240 /* Build configuration list for PBXNativeTarget "CloudKitShareImagesPrototype" */ = {
			isa = XCConfigurationList;
			buildConfigurations = (
				527E5EFE1964FDAC00E15240 /* Debug */,
				527E5EFF1964FDAC00E15240 /* Release */,
			);
			defaultConfigurationIsVisible = 0;
			defaultConfigurationName = Release;
		};
		527E5F001964FDAC00E15240 /* Build configuration list for PBXNativeTarget "CloudKitShareImagesPrototypeTests" */ = {
			isa = XCConfigurationList;
			buildConfigurations = (
				527E5F011964FDAC00E15240 /* Debug */,
				527E5F021964FDAC00E15240 /* Release */,
			);
			defaultConfigurationIsVisible = 0;
			defaultConfigurationName = Release;
		};
/* End XCConfigurationList section */

/* Begin XCVersionGroup section */
		527E5EE31964FDAC00E15240 /* CloudKitShareImagesPrototype.xcdatamodeld */ = {
			isa = XCVersionGroup;
			children = (
				527E5EE41964FDAC00E15240 /* CloudKitShareImagesPrototype.xcdatamodel */,
			);
			currentVersion = 527E5EE41964FDAC00E15240 /* CloudKitShareImagesPrototype.xcdatamodel */;
			path = CloudKitShareImagesPrototype.xcdatamodeld;
			sourceTree = "<group>";
			versionGroupType = wrapper.xcdatamodel;
		};
/* End XCVersionGroup section */
	};
	rootObject = 527E5ED41964FDAC00E15240 /* Project object */;
}
